
Microsoft Visual Studio Solution File, Format Version 12.00
# Visual Studio 2012
Project("{FAE04EC0-301F-11D3-BF4B-00C04F79EFBC}") = "Threads", "Threads\Threads.csproj", "{7970C799-06A5-4200-A9B9-B4D31CDAA528}"
EndProject
Global
	GlobalSection(SolutionConfigurationPlatforms) = preSolution
		Debug|x86 = Debug|x86
		Release|x86 = Release|x86
	EndGlobalSection
	GlobalSection(ProjectConfigurationPlatforms) = postSolution
		{7970C799-06A5-4200-A9B9-B4D31CDAA528}.Debug|x86.ActiveCfg = Debug|x86
		{7970C799-06A5-4200-A9B9-B4D31CDAA528}.Debug|x86.Build.0 = Debug|x86
		{7970C799-06A5-4200-A9B9-B4D31CDAA528}.Release|x86.ActiveCfg = Release|x86
		{7970C799-06A5-4200-A9B9-B4D31CDAA528}.Release|x86.Build.0 = Release|x86
	EndGlobalSection
EndGlobal
